
Microsoft Visual Studio Solution File, Format Version 12.00
# Visual Studio Version 16
VisualStudioVersion = 16.0.31025.194
MinimumVisualStudioVersion = 10.0.40219.1
Project("{E24C65DC-7377-472B-9ABA-BC803B73C61A}") = "webBill_ys_older", "http://localhost:55463", "{F95F2BCE-3959-44EA-A8B6-F3AD0BF4421D}"
	ProjectSection(WebsiteProperties) = preProject
		UseIISExpress = "true"
		TargetFrameworkMoniker = ".NETFramework,Version%3Dv3.5"
		ProjectReferences = "{4707c831-1044-4ac4-a929-8d165a027990}|Bll.dll;{A274F7B5-933E-40DF-80CE-8A12E9F7FC48}|Dal.dll;{A07DFE43-33CC-43C2-AB56-5208532A6400}|Models.dll;{D5496B5C-5152-4BF8-85E5-34296312D81C}|sqlHelper.dll;{1F760954-713C-479C-A17C-F79BF8F0688F}|PaginationControl.dll;{03FC03AF-0A4F-4DA4-81E9-21FC9F021C3D}|webBillLibrary.dll;{41f385eb-876e-44b6-8a9c-2c5918234687}|workFlowLibrary.dll;"
		Debug.AspNetCompiler.VirtualPath = "/localhost_55464"
		Debug.AspNetCompiler.PhysicalPath = "webBill_ys_older\"
		Debug.AspNetCompiler.TargetPath = "PrecompiledWeb\localhost_55464\"
		Debug.AspNetCompiler.Updateable = "true"
		Debug.AspNetCompiler.ForceOverwrite = "true"
		Debug.AspNetCompiler.FixedNames = "false"
		Debug.AspNetCompiler.Debug = "True"
		Release.AspNetCompiler.VirtualPath = "/localhost_55464"
		Release.AspNetCompiler.PhysicalPath = "webBill_ys_older\"
		Release.AspNetCompiler.TargetPath = "PrecompiledWeb\localhost_55464\"
		Release.AspNetCompiler.Updateable = "true"
		Release.AspNetCompiler.ForceOverwrite = "true"
		Release.AspNetCompiler.FixedNames = "false"
		Release.AspNetCompiler.Debug = "False"
		SlnRelativePath = "webBill_ys_older\"
		DefaultWebSiteLanguage = "Visual C#"
	EndProjectSection
EndProject
Project("{FAE04EC0-301F-11D3-BF4B-00C04F79EFBC}") = "Bll", "Bll\Bll.csproj", "{4707C831-1044-4AC4-A929-8D165A027990}"
EndProject
Project("{FAE04EC0-301F-11D3-BF4B-00C04F79EFBC}") = "Dal", "Dal\Dal.csproj", "{A274F7B5-933E-40DF-80CE-8A12E9F7FC48}"
EndProject
Project("{FAE04EC0-301F-11D3-BF4B-00C04F79EFBC}") = "Models", "Models\Models.csproj", "{A07DFE43-33CC-43C2-AB56-5208532A6400}"
EndProject
Project("{FAE04EC0-301F-11D3-BF4B-00C04F79EFBC}") = "PaginationControl", "PaginationControl\PaginationControl.csproj", "{1F760954-713C-479C-A17C-F79BF8F0688F}"
EndProject
Project("{FAE04EC0-301F-11D3-BF4B-00C04F79EFBC}") = "sqlHelper", "sqlHelper\sqlHelper.csproj", "{D5496B5C-5152-4BF8-85E5-34296312D81C}"
EndProject
Project("{FAE04EC0-301F-11D3-BF4B-00C04F79EFBC}") = "webBillLibrary", "webBillLibrary\webBillLibrary.csproj", "{03FC03AF-0A4F-4DA4-81E9-21FC9F021C3D}"
EndProject
Project("{FAE04EC0-301F-11D3-BF4B-00C04F79EFBC}") = "workFlowLibrary", "workFlowLibrary\workFlowLibrary.csproj", "{41F385EB-876E-44B6-8A9C-2C5918234687}"
EndProject
Project("{E24C65DC-7377-472B-9ABA-BC803B73C61A}") = "WebSitePone_older", "http://localhost:52235", "{F7E35AAA-E951-4677-8F6B-1209F55D8C52}"
	ProjectSection(WebsiteProperties) = preProject
		UseIISExpress = "true"
		TargetFrameworkMoniker = ".NETFramework,Version%3Dv2.0"
		ProjectReferences = "{a274f7b5-933e-40df-80ce-8a12e9f7fc48}|Dal.dll;{A07DFE43-33CC-43C2-AB56-5208532A6400}|Models.dll;{D5496B5C-5152-4BF8-85E5-34296312D81C}|sqlHelper.dll;{1F760954-713C-479C-A17C-F79BF8F0688F}|PaginationControl.dll;{03FC03AF-0A4F-4DA4-81E9-21FC9F021C3D}|webBillLibrary.dll;"
		Debug.AspNetCompiler.VirtualPath = "/localhost_52235"
		Debug.AspNetCompiler.PhysicalPath = "WebSitePone_older\"
		Debug.AspNetCompiler.TargetPath = "PrecompiledWeb\localhost_52235\"
		Debug.AspNetCompiler.Updateable = "true"
		Debug.AspNetCompiler.ForceOverwrite = "true"
		Debug.AspNetCompiler.FixedNames = "false"
		Debug.AspNetCompiler.Debug = "True"
		Release.AspNetCompiler.VirtualPath = "/localhost_52235"
		Release.AspNetCompiler.PhysicalPath = "WebSitePone_older\"
		Release.AspNetCompiler.TargetPath = "PrecompiledWeb\localhost_52235\"
		Release.AspNetCompiler.Updateable = "true"
		Release.AspNetCompiler.ForceOverwrite = "true"
		Release.AspNetCompiler.FixedNames = "false"
		Release.AspNetCompiler.Debug = "False"
		SlnRelativePath = "WebSitePone_older\"
		DefaultWebSiteLanguage = "Visual C#"
	EndProjectSection
EndProject
Global
	GlobalSection(SolutionConfigurationPlatforms) = preSolution
		Debug|Any CPU = Debug|Any CPU
		Release|Any CPU = Release|Any CPU
	EndGlobalSection
	GlobalSection(ProjectConfigurationPlatforms) = postSolution
		{F95F2BCE-3959-44EA-A8B6-F3AD0BF4421D}.Debug|Any CPU.ActiveCfg = Debug|Any CPU
		{F95F2BCE-3959-44EA-A8B6-F3AD0BF4421D}.Debug|Any CPU.Build.0 = Debug|Any CPU
		{F95F2BCE-3959-44EA-A8B6-F3AD0BF4421D}.Release|Any CPU.ActiveCfg = Debug|Any CPU
		{F95F2BCE-3959-44EA-A8B6-F3AD0BF4421D}.Release|Any CPU.Build.0 = Debug|Any CPU
		{4707C831-1044-4AC4-A929-8D165A027990}.Debug|Any CPU.ActiveCfg = Debug|Any CPU
		{4707C831-1044-4AC4-A929-8D165A027990}.Debug|Any CPU.Build.0 = Debug|Any CPU
		{4707C831-1044-4AC4-A929-8D165A027990}.Release|Any CPU.ActiveCfg = Release|Any CPU
		{4707C831-1044-4AC4-A929-8D165A027990}.Release|Any CPU.Build.0 = Release|Any CPU
		{A274F7B5-933E-40DF-80CE-8A12E9F7FC48}.Debug|Any CPU.ActiveCfg = Debug|Any CPU
		{A274F7B5-933E-40DF-80CE-8A12E9F7FC48}.Debug|Any CPU.Build.0 = Debug|Any CPU
		{A274F7B5-933E-40DF-80CE-8A12E9F7FC48}.Release|Any CPU.ActiveCfg = Release|Any CPU
		{A274F7B5-933E-40DF-80CE-8A12E9F7FC48}.Release|Any CPU.Build.0 = Release|Any CPU
		{A07DFE43-33CC-43C2-AB56-5208532A6400}.Debug|Any CPU.ActiveCfg = Debug|Any CPU
		{A07DFE43-33CC-43C2-AB56-5208532A6400}.Debug|Any CPU.Build.0 = Debug|Any CPU
		{A07DFE43-33CC-43C2-AB56-5208532A6400}.Release|Any CPU.ActiveCfg = Release|Any CPU
		{A07DFE43-33CC-43C2-AB56-5208532A6400}.Release|Any CPU.Build.0 = Release|Any CPU
		{1F760954-713C-479C-A17C-F79BF8F0688F}.Debug|Any CPU.ActiveCfg = Debug|Any CPU
		{1F760954-713C-479C-A17C-F79BF8F0688F}.Debug|Any CPU.Build.0 = Debug|Any CPU
		{1F760954-713C-479C-A17C-F79BF8F0688F}.Release|Any CPU.ActiveCfg = Release|Any CPU
		{1F760954-713C-479C-A17C-F79BF8F0688F}.Release|Any CPU.Build.0 = Release|Any CPU
		{D5496B5C-5152-4BF8-85E5-34296312D81C}.Debug|Any CPU.ActiveCfg = Debug|Any CPU
		{D5496B5C-5152-4BF8-85E5-34296312D81C}.Debug|Any CPU.Build.0 = Debug|Any CPU
		{D5496B5C-5152-4BF8-85E5-34296312D81C}.Release|Any CPU.ActiveCfg = Release|Any CPU
		{D5496B5C-5152-4BF8-85E5-34296312D81C}.Release|Any CPU.Build.0 = Release|Any CPU
		{03FC03AF-0A4F-4DA4-81E9-21FC9F021C3D}.Debug|Any CPU.ActiveCfg = Debug|Any CPU
		{03FC03AF-0A4F-4DA4-81E9-21FC9F021C3D}.Debug|Any CPU.Build.0 = Debug|Any CPU
		{03FC03AF-0A4F-4DA4-81E9-21FC9F021C3D}.Release|Any CPU.ActiveCfg = Release|Any CPU
		{03FC03AF-0A4F-4DA4-81E9-21FC9F021C3D}.Release|Any CPU.Build.0 = Release|Any CPU
		{41F385EB-876E-44B6-8A9C-2C5918234687}.Debug|Any CPU.ActiveCfg = Debug|Any CPU
		{41F385EB-876E-44B6-8A9C-2C5918234687}.Debug|Any CPU.Build.0 = Debug|Any CPU
		{41F385EB-876E-44B6-8A9C-2C5918234687}.Release|Any CPU.ActiveCfg = Release|Any CPU
		{41F385EB-876E-44B6-8A9C-2C5918234687}.Release|Any CPU.Build.0 = Release|Any CPU
		{F7E35AAA-E951-4677-8F6B-1209F55D8C52}.Debug|Any CPU.ActiveCfg = Debug|Any CPU
		{F7E35AAA-E951-4677-8F6B-1209F55D8C52}.Debug|Any CPU.Build.0 = Debug|Any CPU
		{F7E35AAA-E951-4677-8F6B-1209F55D8C52}.Release|Any CPU.ActiveCfg = Debug|Any CPU
		{F7E35AAA-E951-4677-8F6B-1209F55D8C52}.Release|Any CPU.Build.0 = Debug|Any CPU
	EndGlobalSection
	GlobalSection(SolutionProperties) = preSolution
		HideSolutionNode = FALSE
	EndGlobalSection
	GlobalSection(ExtensibilityGlobals) = postSolution
		SolutionGuid = {B09C91C9-C74C-442E-A6C7-48A32AB606BC}
	EndGlobalSection
EndGlobal
